
Microsoft Visual Studio Solution File, Format Version 11.00
# Visual Studio 2010
Project("{FAE04EC0-301F-11D3-BF4B-00C04F79EFBC}") = "issac", "issac\issac.csproj", "{BB79B597-0504-4248-94FA-A107FBA50307}"
EndProject
Global
	GlobalSection(SolutionConfigurationPlatforms) = preSolution
		Debug|x86 = Debug|x86
		Release|x86 = Release|x86
	EndGlobalSection
	GlobalSection(ProjectConfigurationPlatforms) = postSolution
		{BB79B597-0504-4248-94FA-A107FBA50307}.Debug|x86.ActiveCfg = Debug|x86
		{BB79B597-0504-4248-94FA-A107FBA50307}.Debug|x86.Build.0 = Debug|x86
		{BB79B597-0504-4248-94FA-A107FBA50307}.Release|x86.ActiveCfg = Release|x86
		{BB79B597-0504-4248-94FA-A107FBA50307}.Release|x86.Build.0 = Release|x86
	EndGlobalSection
	GlobalSection(SolutionProperties) = preSolution
		HideSolutionNode = FALSE
	EndGlobalSection
EndGlobal
